
Microsoft Visual Studio Solution File, Format Version 12.00
# Visual Studio Version 16
VisualStudioVersion = 16.0.31424.327
MinimumVisualStudioVersion = 10.0.40219.1
Project("{FAE04EC0-301F-11D3-BF4B-00C04F79EFBC}") = "UsfulApp_Forms", "UsfulApp_Forms\UsfulApp_Forms.csproj", "{32721AB8-6928-42F4-A2E9-6F75F0900468}"
EndProject
Global
	GlobalSection(SolutionConfigurationPlatforms) = preSolution
		Debug|Any CPU = Debug|Any CPU
		Release|Any CPU = Release|Any CPU
	EndGlobalSection
	GlobalSection(ProjectConfigurationPlatforms) = postSolution
		{32721AB8-6928-42F4-A2E9-6F75F0900468}.Debug|Any CPU.ActiveCfg = Debug|Any CPU
		{32721AB8-6928-42F4-A2E9-6F75F0900468}.Debug|Any CPU.Build.0 = Debug|Any CPU
		{32721AB8-6928-42F4-A2E9-6F75F0900468}.Release|Any CPU.ActiveCfg = Release|Any CPU
		{32721AB8-6928-42F4-A2E9-6F75F0900468}.Release|Any CPU.Build.0 = Release|Any CPU
	EndGlobalSection
	GlobalSection(SolutionProperties) = preSolution
		HideSolutionNode = FALSE
	EndGlobalSection
	GlobalSection(ExtensibilityGlobals) = postSolution
		SolutionGuid = {215910E1-1A7E-4363-87EE-6A4CACB77FB6}
	EndGlobalSection
EndGlobal
